<?xml version="1.0" encoding="utf-8"?>
<Project ToolsVersion="4.0" xmlns="http://schemas.microsoft.com/developer/msbuild/2003">
  <ItemGroup>
    <Filter Include="Source Files">
      <UniqueIdentifier>{4FC737F1-C7A5-4376-A066-2A32D752A2FF}</UniqueIdentifier>
      <Extensions>cpp;c;cc;cxx;c++;def;odl;idl;hpj;bat;asm;asmx</Extensions>
    </Filter>
    <Filter Include="Header Files">
      <UniqueIdentifier>{93995380-89BD-4B04-88EB-625FBE52EBFB}</UniqueIdentifier>
      <Extensions>h;hh;hpp;hxx;hm;inl;inc;ipp;xsd</Extensions>
    </Filter>
    <Filter Include="Shaders">
      <UniqueIdentifier>{2C75A4F6-8D6A-4FB7-9B22-7748A65BEEA0}</UniqueIdentifier>
      <Extensions>hlsl;cso</Extensions>
    </Filter>
  </ItemGroup>
  <ItemGroup>
    <ClCompile Include="audio.cpp">
      <Filter>Source Files</Filter>
    </ClCompile>
    <ClCompile Include="application.cpp">
      <Filter>Source Files</Filter>
    </ClCompile>
    <ClCompile Include="asset_manifest.cpp">
      <Filter>Source Files</Filter>
    </ClCompile>
    <ClCompile Include="collision.cpp">
      <Filter>Source Files</Filter>
    </ClCompile>
    <ClCompile Include="component.cpp">
      <Filter>Source Files</Filter>
    </ClCompile>
    <ClCompile Include="components.cpp">
      <Filter>Source Files</Filter>
    </ClCompile>
    <ClCompile Include="demo_scene.cpp">
      <Filter>Source Files</Filter>
    </ClCompile>
    <ClCompile Include="directX.cpp">
      <Filter>Source Files</Filter>
    </ClCompile>
    <ClCompile Include="entity.cpp">
      <Filter>Source Files</Filter>
    </ClCompile>
    <ClCompile Include="event_bus.cpp">
      <Filter>Source Files</Filter>
    </ClCompile>
    <ClCompile Include="game_scene.cpp">
      <Filter>Source Files</Filter>
    </ClCompile>
    <ClCompile Include="game_session.cpp">
      <Filter>Source Files</Filter>
    </ClCompile>
    <ClCompile Include="imgui_layer.cpp">
      <Filter>Source Files</Filter>
    </ClCompile>
    <ClCompile Include="input.cpp">
      <Filter>Source Files</Filter>
    </ClCompile>
    <ClCompile Include="logger.cpp">
      <Filter>Source Files</Filter>
    </ClCompile>
    <ClCompile Include="main.cpp">
      <Filter>Source Files</Filter>
    </ClCompile>
    <ClCompile Include="physics_world.cpp">
      <Filter>Source Files</Filter>
    </ClCompile>
    <ClCompile Include="prefab_factory.cpp">
      <Filter>Source Files</Filter>
    </ClCompile>
    <ClCompile Include="resource_manager.cpp">
      <Filter>Source Files</Filter>
    </ClCompile>
    <ClCompile Include="result_scene.cpp">
      <Filter>Source Files</Filter>
    </ClCompile>
    <ClCompile Include="scene_manager.cpp">
      <Filter>Source Files</Filter>
    </ClCompile>
    <ClCompile Include="scene_registry.cpp">
      <Filter>Source Files</Filter>
    </ClCompile>
    <ClCompile Include="shader_showcase_scene.cpp">
      <Filter>Source Files</Filter>
    </ClCompile>
    <ClCompile Include="tile_map.cpp">
      <Filter>Source Files</Filter>
    </ClCompile>
    <ClCompile Include="script_engine.cpp">
      <Filter>Source Files</Filter>
    </ClCompile>
    <ClCompile Include="shader.cpp">
      <Filter>Source Files</Filter>
    </ClCompile>
    <ClCompile Include="sprite.cpp">
      <Filter>Source Files</Filter>
    </ClCompile>
    <ClCompile Include="texture.cpp">
      <Filter>Source Files</Filter>
    </ClCompile>
    <ClCompile Include="title_scene.cpp">
      <Filter>Source Files</Filter>
    </ClCompile>
    <ClCompile Include="third_party\imgui\backends\imgui_impl_dx11.cpp">
      <Filter>Source Files</Filter>
    </ClCompile>
    <ClCompile Include="third_party\imgui\backends\imgui_impl_win32.cpp">
      <Filter>Source Files</Filter>
    </ClCompile>
    <ClCompile Include="third_party\imgui\imgui.cpp">
      <Filter>Source Files</Filter>
    </ClCompile>
    <ClCompile Include="third_party\imgui\imgui_demo.cpp">
      <Filter>Source Files</Filter>
    </ClCompile>
    <ClCompile Include="third_party\imgui\imgui_draw.cpp">
      <Filter>Source Files</Filter>
    </ClCompile>
    <ClCompile Include="third_party\imgui\imgui_tables.cpp">
      <Filter>Source Files</Filter>
    </ClCompile>
    <ClCompile Include="third_party\imgui\imgui_widgets.cpp">
      <Filter>Source Files</Filter>
    </ClCompile>
    <ClCompile Include="third_party\lua54\onelua.c">
      <Filter>Source Files</Filter>
    </ClCompile>
    <ClCompile Include="third_party\tracy\public\TracyClient.cpp">
      <Filter>Source Files</Filter>
    </ClCompile>
  </ItemGroup>
  <ItemGroup>
    <ClInclude Include="audio.h">
      <Filter>Header Files</Filter>
    </ClInclude>
    <ClInclude Include="application.h">
      <Filter>Header Files</Filter>
    </ClInclude>
    <ClInclude Include="asset_manifest.h">
      <Filter>Header Files</Filter>
    </ClInclude>
    <ClInclude Include="collision.h">
      <Filter>Header Files</Filter>
    </ClInclude>
    <ClInclude Include="component.h">
      <Filter>Header Files</Filter>
    </ClInclude>
    <ClInclude Include="components.h">
      <Filter>Header Files</Filter>
    </ClInclude>
    <ClInclude Include="demo_scene.h">
      <Filter>Header Files</Filter>
    </ClInclude>
    <ClInclude Include="directX.h">
      <Filter>Header Files</Filter>
    </ClInclude>
    <ClInclude Include="DirectXTex.h">
      <Filter>Header Files</Filter>
    </ClInclude>
    <ClInclude Include="entity.h">
      <Filter>Header Files</Filter>
    </ClInclude>
    <ClInclude Include="event_bus.h">
      <Filter>Header Files</Filter>
    </ClInclude>
    <ClInclude Include="game_scene.h">
      <Filter>Header Files</Filter>
    </ClInclude>
    <ClInclude Include="game_session.h">
      <Filter>Header Files</Filter>
    </ClInclude>
    <ClInclude Include="imgui_layer.h">
      <Filter>Header Files</Filter>
    </ClInclude>
    <ClInclude Include="input.h">
      <Filter>Header Files</Filter>
    </ClInclude>
    <ClInclude Include="logger.h">
      <Filter>Header Files</Filter>
    </ClInclude>
    <ClInclude Include="physics_world.h">
      <Filter>Header Files</Filter>
    </ClInclude>
    <ClInclude Include="prefab_factory.h">
      <Filter>Header Files</Filter>
    </ClInclude>
    <ClInclude Include="resource_manager.h">
      <Filter>Header Files</Filter>
    </ClInclude>
    <ClInclude Include="result_scene.h">
      <Filter>Header Files</Filter>
    </ClInclude>
    <ClInclude Include="scene.h">
      <Filter>Header Files</Filter>
    </ClInclude>
    <ClInclude Include="scene_manager.h">
      <Filter>Header Files</Filter>
    </ClInclude>
    <ClInclude Include="scene_registry.h">
      <Filter>Header Files</Filter>
    </ClInclude>
    <ClInclude Include="shader_showcase_scene.h">
      <Filter>Header Files</Filter>
    </ClInclude>
    <ClInclude Include="tile_map.h">
      <Filter>Header Files</Filter>
    </ClInclude>
    <ClInclude Include="script_engine.h">
      <Filter>Header Files</Filter>
    </ClInclude>
    <ClInclude Include="shader.h">
      <Filter>Header Files</Filter>
    </ClInclude>
    <ClInclude Include="sprite.h">
      <Filter>Header Files</Filter>
    </ClInclude>
    <ClInclude Include="texture.h">
      <Filter>Header Files</Filter>
    </ClInclude>
    <ClInclude Include="title_scene.h">
      <Filter>Header Files</Filter>
    </ClInclude>
    <ClInclude Include="third_party\imgui\imgui.h">
      <Filter>Header Files</Filter>
    </ClInclude>
  </ItemGroup>
  <ItemGroup>
    <FxCompile Include="shaderPixel2D_ChromaticAberration.hlsl">
      <Filter>Shaders</Filter>
    </FxCompile>
    <FxCompile Include="shaderPixel2D_Distortion.hlsl">
      <Filter>Shaders</Filter>
    </FxCompile>
    <FxCompile Include="shaderPixel2D_Dissolve.hlsl">
      <Filter>Shaders</Filter>
    </FxCompile>
    <FxCompile Include="shaderPixel2D_Flash.hlsl">
      <Filter>Shaders</Filter>
    </FxCompile>
    <FxCompile Include="shaderPixel2D_Glitch.hlsl">
      <Filter>Shaders</Filter>
    </FxCompile>
    <FxCompile Include="shaderPixel2D_GradientMap.hlsl">
      <Filter>Shaders</Filter>
    </FxCompile>
    <FxCompile Include="shaderPixel2D_HeatOverlay.hlsl">
      <Filter>Shaders</Filter>
    </FxCompile>
    <FxCompile Include="shaderPixel2D_MaskClip.hlsl">
      <Filter>Shaders</Filter>
    </FxCompile>
    <FxCompile Include="shaderPixel2D_Grayscale.hlsl">
      <Filter>Shaders</Filter>
    </FxCompile>
    <FxCompile Include="shaderPixel2D_Normal.hlsl">
      <Filter>Shaders</Filter>
    </FxCompile>
    <FxCompile Include="shaderPixel2D_NormalMapLighting.hlsl">
      <Filter>Shaders</Filter>
    </FxCompile>
    <FxCompile Include="shaderPixel2D_Outline.hlsl">
      <Filter>Shaders</Filter>
    </FxCompile>
    <FxCompile Include="shaderPixel2D_Parallax.hlsl">
      <Filter>Shaders</Filter>
    </FxCompile>
    <FxCompile Include="shaderPixel2D_PaletteSwap.hlsl">
      <Filter>Shaders</Filter>
    </FxCompile>
    <FxCompile Include="shaderPixel2D_Pixelate.hlsl">
      <Filter>Shaders</Filter>
    </FxCompile>
    <FxCompile Include="shaderPixel2D_Posterize.hlsl">
      <Filter>Shaders</Filter>
    </FxCompile>
    <FxCompile Include="shaderPixel2D_RimLight.hlsl">
      <Filter>Shaders</Filter>
    </FxCompile>
    <FxCompile Include="shaderPixel2D_NoiseReveal.hlsl">
      <Filter>Shaders</Filter>
    </FxCompile>
    <FxCompile Include="shaderPixel2D_UVScroll.hlsl">
      <Filter>Shaders</Filter>
    </FxCompile>
    <FxCompile Include="shaderPixel2D_Wave.hlsl">
      <Filter>Shaders</Filter>
    </FxCompile>
    <None Include="shaderPixel2D.cso">
      <Filter>Shaders</Filter>
    </None>
    <None Include="shaderPixel2D.hlsl">
      <Filter>Shaders</Filter>
    </None>
    <None Include="shaderVertex2D.cso">
      <Filter>Shaders</Filter>
    </None>
    <None Include="shaderVertex2D.hlsl">
      <Filter>Shaders</Filter>
    </None>
  </ItemGroup>
</Project>
